
Microsoft Visual Studio Solution File, Format Version 12.00
# Visual Studio Version 17
VisualStudioVersion = 17.2.32314.265
MinimumVisualStudioVersion = 10.0.40219.1
Project("{9A19103F-16F7-4668-BE54-9A1E7A4F7556}") = "MessageBus", "MessageBus\MessageBus.csproj", "{A4E5D3C3-84E9-4BD4-B77C-3CFD66B1582E}"
EndProject
Project("{9A19103F-16F7-4668-BE54-9A1E7A4F7556}") = "MessageBus.RabbitMQ", "MessageBus.RabbitMQ\MessageBus.RabbitMQ.csproj", "{B6C92B23-9CD7-464C-8B55-E81B5569D86C}"
EndProject
Project("{9A19103F-16F7-4668-BE54-9A1E7A4F7556}") = "MessageBus.InMemory", "MessageBus.InMemory\MessageBus.InMemory.csproj", "{2C99251A-333E-47A7-A621-E8B855B47C2B}"
EndProject
Project("{9A19103F-16F7-4668-BE54-9A1E7A4F7556}") = "MessageBus.Serializer.Json", "MessageBus.Serializer.Json\MessageBus.Serializer.Json.csproj", "{247BEE82-821E-40F4-BD77-A066AE55879F}"
EndProject
Project("{9A19103F-16F7-4668-BE54-9A1E7A4F7556}") = "MessageBus.Tests", "MessageBus.Tests\MessageBus.Tests.csproj", "{B3322CA3-5E2B-4982-9681-8847A46A9875}"
EndProject
Project("{FAE04EC0-301F-11D3-BF4B-00C04F79EFBC}") = "MessageBus.Serializer.NewtonsoftJson", "MessageBus.Serializer.NewtonsoftJson\MessageBus.Serializer.NewtonsoftJson.csproj", "{29E3AEAC-54CA-42D7-BFB2-3ABBA20C4351}"
EndProject
Global
	GlobalSection(SolutionConfigurationPlatforms) = preSolution
		Debug|Any CPU = Debug|Any CPU
		Release|Any CPU = Release|Any CPU
	EndGlobalSection
	GlobalSection(ProjectConfigurationPlatforms) = postSolution
		{A4E5D3C3-84E9-4BD4-B77C-3CFD66B1582E}.Debug|Any CPU.ActiveCfg = Debug|Any CPU
		{A4E5D3C3-84E9-4BD4-B77C-3CFD66B1582E}.Debug|Any CPU.Build.0 = Debug|Any CPU
		{A4E5D3C3-84E9-4BD4-B77C-3CFD66B1582E}.Release|Any CPU.ActiveCfg = Release|Any CPU
		{A4E5D3C3-84E9-4BD4-B77C-3CFD66B1582E}.Release|Any CPU.Build.0 = Release|Any CPU
		{B6C92B23-9CD7-464C-8B55-E81B5569D86C}.Debug|Any CPU.ActiveCfg = Debug|Any CPU
		{B6C92B23-9CD7-464C-8B55-E81B5569D86C}.Debug|Any CPU.Build.0 = Debug|Any CPU
		{B6C92B23-9CD7-464C-8B55-E81B5569D86C}.Release|Any CPU.ActiveCfg = Release|Any CPU
		{B6C92B23-9CD7-464C-8B55-E81B5569D86C}.Release|Any CPU.Build.0 = Release|Any CPU
		{2C99251A-333E-47A7-A621-E8B855B47C2B}.Debug|Any CPU.ActiveCfg = Debug|Any CPU
		{2C99251A-333E-47A7-A621-E8B855B47C2B}.Debug|Any CPU.Build.0 = Debug|Any CPU
		{2C99251A-333E-47A7-A621-E8B855B47C2B}.Release|Any CPU.ActiveCfg = Release|Any CPU
		{2C99251A-333E-47A7-A621-E8B855B47C2B}.Release|Any CPU.Build.0 = Release|Any CPU
		{247BEE82-821E-40F4-BD77-A066AE55879F}.Debug|Any CPU.ActiveCfg = Debug|Any CPU
		{247BEE82-821E-40F4-BD77-A066AE55879F}.Debug|Any CPU.Build.0 = Debug|Any CPU
		{247BEE82-821E-40F4-BD77-A066AE55879F}.Release|Any CPU.ActiveCfg = Release|Any CPU
		{247BEE82-821E-40F4-BD77-A066AE55879F}.Release|Any CPU.Build.0 = Release|Any CPU
		{B3322CA3-5E2B-4982-9681-8847A46A9875}.Debug|Any CPU.ActiveCfg = Debug|Any CPU
		{B3322CA3-5E2B-4982-9681-8847A46A9875}.Debug|Any CPU.Build.0 = Debug|Any CPU
		{B3322CA3-5E2B-4982-9681-8847A46A9875}.Release|Any CPU.ActiveCfg = Release|Any CPU
		{B3322CA3-5E2B-4982-9681-8847A46A9875}.Release|Any CPU.Build.0 = Release|Any CPU
		{29E3AEAC-54CA-42D7-BFB2-3ABBA20C4351}.Debug|Any CPU.ActiveCfg = Debug|Any CPU
		{29E3AEAC-54CA-42D7-BFB2-3ABBA20C4351}.Debug|Any CPU.Build.0 = Debug|Any CPU
		{29E3AEAC-54CA-42D7-BFB2-3ABBA20C4351}.Release|Any CPU.ActiveCfg = Release|Any CPU
		{29E3AEAC-54CA-42D7-BFB2-3ABBA20C4351}.Release|Any CPU.Build.0 = Release|Any CPU
	EndGlobalSection
	GlobalSection(SolutionProperties) = preSolution
		HideSolutionNode = FALSE
	EndGlobalSection
	GlobalSection(ExtensibilityGlobals) = postSolution
		SolutionGuid = {B28A592B-C5DF-4B18-A09E-C1A72E5F660F}
	EndGlobalSection
EndGlobal
